
Microsoft Visual Studio Solution File, Format Version 12.00
# Visual Studio 15
VisualStudioVersion = 15.0.28010.2050
MinimumVisualStudioVersion = 10.0.40219.1
Project("{9A19103F-16F7-4668-BE54-9A1E7A4F7556}") = "Test", "Test\Test.csproj", "{6199CB1C-135F-4E27-AEA1-3D4FFFE48192}"
EndProject
Project("{9A19103F-16F7-4668-BE54-9A1E7A4F7556}") = "TCMBCurrencyService", "TCMBCurrencyService\TCMBCurrencyService.csproj", "{58E08A77-387A-4C94-98C4-6E07D3F8CAEC}"
EndProject
Global
	GlobalSection(SolutionConfigurationPlatforms) = preSolution
		Debug|Any CPU = Debug|Any CPU
		Release|Any CPU = Release|Any CPU
	EndGlobalSection
	GlobalSection(ProjectConfigurationPlatforms) = postSolution
		{6199CB1C-135F-4E27-AEA1-3D4FFFE48192}.Debug|Any CPU.ActiveCfg = Debug|Any CPU
		{6199CB1C-135F-4E27-AEA1-3D4FFFE48192}.Debug|Any CPU.Build.0 = Debug|Any CPU
		{6199CB1C-135F-4E27-AEA1-3D4FFFE48192}.Release|Any CPU.ActiveCfg = Release|Any CPU
		{6199CB1C-135F-4E27-AEA1-3D4FFFE48192}.Release|Any CPU.Build.0 = Release|Any CPU
		{58E08A77-387A-4C94-98C4-6E07D3F8CAEC}.Debug|Any CPU.ActiveCfg = Debug|Any CPU
		{58E08A77-387A-4C94-98C4-6E07D3F8CAEC}.Debug|Any CPU.Build.0 = Debug|Any CPU
		{58E08A77-387A-4C94-98C4-6E07D3F8CAEC}.Release|Any CPU.ActiveCfg = Release|Any CPU
		{58E08A77-387A-4C94-98C4-6E07D3F8CAEC}.Release|Any CPU.Build.0 = Release|Any CPU
	EndGlobalSection
	GlobalSection(SolutionProperties) = preSolution
		HideSolutionNode = FALSE
	EndGlobalSection
	GlobalSection(ExtensibilityGlobals) = postSolution
		SolutionGuid = {38E70152-A1D8-4F23-9F3F-C0B70F6B695C}
	EndGlobalSection
EndGlobal
